{
  "requires": true,
  "lockfileVersion": 1,
  "dependencies": {
    "ffmpeg": {
      "version": "0.0.4",
      "resolved": "https://registry.npmjs.org/ffmpeg/-/ffmpeg-0.0.4.tgz",
      "integrity": "sha1-HEYN+OfaUSf2LO70v6BsWciWMMs=",
      "requires": {
        "when": ">= 0.0.1"
      }
    },
    "react-image-file-resizer": {
      "version": "0.3.8",
      "resolved": "https://registry.npmjs.org/react-image-file-resizer/-/react-image-file-resizer-0.3.8.tgz",
      "integrity": "sha512-54gA46Dmj2tSWuSGa0Gp6DBlur+MAnGh8q8eo/7hvh2bqoHmLo4mweJ4s0TUgANKllFAPD/5oLPK87M2AoOYTQ=="
    },
    "when": {
      "version": "3.7.8",
      "resolved": "https://registry.npmjs.org/when/-/when-3.7.8.tgz",
      "integrity": "sha1-xxMLan6gRpPoQs3J56Hyqjmjn4I="
    }
  }
}
